
Microsoft Visual Studio Solution File, Format Version 12.00
# Visual Studio Version 17
VisualStudioVersion = 17.5.33516.290
MinimumVisualStudioVersion = 10.0.40219.1
Project("{9A19103F-16F7-4668-BE54-9A1E7A4F7556}") = "InitialSetup", "InitialSetup\InitialSetup.csproj", "{D1DC2A63-FF7A-4336-8459-A1109F4DDDFB}"
EndProject
Project("{9A19103F-16F7-4668-BE54-9A1E7A4F7556}") = "Task7_Razor_AWS_SQS_SNS", "Task7_Razor_AWS_SQS_SNS\Task7_Razor_AWS_SQS_SNS.csproj", "{4C331981-FD23-400B-9805-227A2D4D6340}"
EndProject
Project("{9A19103F-16F7-4668-BE54-9A1E7A4F7556}") = "Task7AWS", "Task7AWS\Task7AWS.csproj", "{1D81EE6F-4F30-4A75-A43F-2F0D72662D31}"
EndProject
Project("{9A19103F-16F7-4668-BE54-9A1E7A4F7556}") = "Task7SQSPollingLambdaFunction", "Task7SQSPollingLambdaFunction\Task7SQSPollingLambdaFunction.csproj", "{59D06DAC-2837-4F89-92E9-CF7BFC9FD390}"
EndProject
Global
	GlobalSection(SolutionConfigurationPlatforms) = preSolution
		Debug|Any CPU = Debug|Any CPU
		Release|Any CPU = Release|Any CPU
	EndGlobalSection
	GlobalSection(ProjectConfigurationPlatforms) = postSolution
		{D1DC2A63-FF7A-4336-8459-A1109F4DDDFB}.Debug|Any CPU.ActiveCfg = Debug|Any CPU
		{D1DC2A63-FF7A-4336-8459-A1109F4DDDFB}.Debug|Any CPU.Build.0 = Debug|Any CPU
		{D1DC2A63-FF7A-4336-8459-A1109F4DDDFB}.Release|Any CPU.ActiveCfg = Release|Any CPU
		{D1DC2A63-FF7A-4336-8459-A1109F4DDDFB}.Release|Any CPU.Build.0 = Release|Any CPU
		{4C331981-FD23-400B-9805-227A2D4D6340}.Debug|Any CPU.ActiveCfg = Debug|Any CPU
		{4C331981-FD23-400B-9805-227A2D4D6340}.Debug|Any CPU.Build.0 = Debug|Any CPU
		{4C331981-FD23-400B-9805-227A2D4D6340}.Release|Any CPU.ActiveCfg = Release|Any CPU
		{4C331981-FD23-400B-9805-227A2D4D6340}.Release|Any CPU.Build.0 = Release|Any CPU
		{1D81EE6F-4F30-4A75-A43F-2F0D72662D31}.Debug|Any CPU.ActiveCfg = Debug|Any CPU
		{1D81EE6F-4F30-4A75-A43F-2F0D72662D31}.Debug|Any CPU.Build.0 = Debug|Any CPU
		{1D81EE6F-4F30-4A75-A43F-2F0D72662D31}.Release|Any CPU.ActiveCfg = Release|Any CPU
		{1D81EE6F-4F30-4A75-A43F-2F0D72662D31}.Release|Any CPU.Build.0 = Release|Any CPU
		{59D06DAC-2837-4F89-92E9-CF7BFC9FD390}.Debug|Any CPU.ActiveCfg = Debug|Any CPU
		{59D06DAC-2837-4F89-92E9-CF7BFC9FD390}.Debug|Any CPU.Build.0 = Debug|Any CPU
		{59D06DAC-2837-4F89-92E9-CF7BFC9FD390}.Release|Any CPU.ActiveCfg = Release|Any CPU
		{59D06DAC-2837-4F89-92E9-CF7BFC9FD390}.Release|Any CPU.Build.0 = Release|Any CPU
	EndGlobalSection
	GlobalSection(SolutionProperties) = preSolution
		HideSolutionNode = FALSE
	EndGlobalSection
	GlobalSection(ExtensibilityGlobals) = postSolution
		SolutionGuid = {BD5C1E07-5079-4E0D-8BE8-86764741D8F2}
	EndGlobalSection
EndGlobal
