
Microsoft Visual Studio Solution File, Format Version 12.00
# Visual Studio Version 17
VisualStudioVersion = 17.5.33516.290
MinimumVisualStudioVersion = 10.0.40219.1
Project("{9A19103F-16F7-4668-BE54-9A1E7A4F7556}") = "InitialSetup", "InitialSetup\InitialSetup.csproj", "{D1DC2A63-FF7A-4336-8459-A1109F4DDDFB}"
EndProject
Project("{9A19103F-16F7-4668-BE54-9A1E7A4F7556}") = "WebApiCRUD", "WebApiCRUD\WebApiCRUD.csproj", "{65286A4C-A312-4660-9BE1-A1B56933A855}"
	ProjectSection(ProjectDependencies) = postProject
		{5BE6B85C-74B4-4B6C-BE45-9321B3C77754} = {5BE6B85C-74B4-4B6C-BE45-9321B3C77754}
	EndProjectSection
EndProject
Project("{9A19103F-16F7-4668-BE54-9A1E7A4F7556}") = "CRUD.Application", "CRUD.Application\CRUD.Application.csproj", "{5BE6B85C-74B4-4B6C-BE45-9321B3C77754}"
	ProjectSection(ProjectDependencies) = postProject
		{FC72B833-D02F-4F79-99C8-528F703422B3} = {FC72B833-D02F-4F79-99C8-528F703422B3}
	EndProjectSection
EndProject
Project("{9A19103F-16F7-4668-BE54-9A1E7A4F7556}") = "CRUD.Domain", "CRUD.Domain\CRUD.Domain.csproj", "{FC72B833-D02F-4F79-99C8-528F703422B3}"
EndProject
Project("{9A19103F-16F7-4668-BE54-9A1E7A4F7556}") = "CRUD.Infrastructure", "CRUD.Infrastructure\CRUD.Infrastructure.csproj", "{506DF0F9-C012-49D8-AC91-9C7E9198A1E0}"
	ProjectSection(ProjectDependencies) = postProject
		{5BE6B85C-74B4-4B6C-BE45-9321B3C77754} = {5BE6B85C-74B4-4B6C-BE45-9321B3C77754}
	EndProjectSection
EndProject
Global
	GlobalSection(SolutionConfigurationPlatforms) = preSolution
		Debug|Any CPU = Debug|Any CPU
		Release|Any CPU = Release|Any CPU
	EndGlobalSection
	GlobalSection(ProjectConfigurationPlatforms) = postSolution
		{D1DC2A63-FF7A-4336-8459-A1109F4DDDFB}.Debug|Any CPU.ActiveCfg = Debug|Any CPU
		{D1DC2A63-FF7A-4336-8459-A1109F4DDDFB}.Debug|Any CPU.Build.0 = Debug|Any CPU
		{D1DC2A63-FF7A-4336-8459-A1109F4DDDFB}.Release|Any CPU.ActiveCfg = Release|Any CPU
		{D1DC2A63-FF7A-4336-8459-A1109F4DDDFB}.Release|Any CPU.Build.0 = Release|Any CPU
		{65286A4C-A312-4660-9BE1-A1B56933A855}.Debug|Any CPU.ActiveCfg = Debug|Any CPU
		{65286A4C-A312-4660-9BE1-A1B56933A855}.Debug|Any CPU.Build.0 = Debug|Any CPU
		{65286A4C-A312-4660-9BE1-A1B56933A855}.Release|Any CPU.ActiveCfg = Release|Any CPU
		{65286A4C-A312-4660-9BE1-A1B56933A855}.Release|Any CPU.Build.0 = Release|Any CPU
		{5BE6B85C-74B4-4B6C-BE45-9321B3C77754}.Debug|Any CPU.ActiveCfg = Debug|Any CPU
		{5BE6B85C-74B4-4B6C-BE45-9321B3C77754}.Debug|Any CPU.Build.0 = Debug|Any CPU
		{5BE6B85C-74B4-4B6C-BE45-9321B3C77754}.Release|Any CPU.ActiveCfg = Release|Any CPU
		{5BE6B85C-74B4-4B6C-BE45-9321B3C77754}.Release|Any CPU.Build.0 = Release|Any CPU
		{FC72B833-D02F-4F79-99C8-528F703422B3}.Debug|Any CPU.ActiveCfg = Debug|Any CPU
		{FC72B833-D02F-4F79-99C8-528F703422B3}.Debug|Any CPU.Build.0 = Debug|Any CPU
		{FC72B833-D02F-4F79-99C8-528F703422B3}.Release|Any CPU.ActiveCfg = Release|Any CPU
		{FC72B833-D02F-4F79-99C8-528F703422B3}.Release|Any CPU.Build.0 = Release|Any CPU
		{506DF0F9-C012-49D8-AC91-9C7E9198A1E0}.Debug|Any CPU.ActiveCfg = Debug|Any CPU
		{506DF0F9-C012-49D8-AC91-9C7E9198A1E0}.Debug|Any CPU.Build.0 = Debug|Any CPU
		{506DF0F9-C012-49D8-AC91-9C7E9198A1E0}.Release|Any CPU.ActiveCfg = Release|Any CPU
		{506DF0F9-C012-49D8-AC91-9C7E9198A1E0}.Release|Any CPU.Build.0 = Release|Any CPU
	EndGlobalSection
	GlobalSection(SolutionProperties) = preSolution
		HideSolutionNode = FALSE
	EndGlobalSection
	GlobalSection(ExtensibilityGlobals) = postSolution
		SolutionGuid = {BD5C1E07-5079-4E0D-8BE8-86764741D8F2}
	EndGlobalSection
EndGlobal
